// !$*UTF8*$!
{
	archiveVersion = 1;
	classes = {
	};
	objectVersion = 51;
	objects = {

/* Begin PBXBuildFile section */
		48DFA0D39D9F9A030CEA3BF7 /* Pods_carborn_carbornUITests.framework in Frameworks */ = {isa = PBXBuildFile; fileRef = 829DEC1B0DBED5728585E9D1 /* Pods_carborn_carbornUITests.framework */; };
		583DE38A2ABB3A77F5DD7576 /* Pods_carbornTests.framework in Frameworks */ = {isa = PBXBuildFile; fileRef = EE65A3D476E3E793FA023B4E /* Pods_carbornTests.framework */; };
		65494CDC23733642007DFD5C /* MenuTableViewCell.swift in Sources */ = {isa = PBXBuildFile; fileRef = 65494CDB23733642007DFD5C /* MenuTableViewCell.swift */; };
		65D4B61F237082C90018E33B /* GoogleService-Info.plist in Resources */ = {isa = PBXBuildFile; fileRef = 65D4B61E237082C90018E33B /* GoogleService-Info.plist */; };
		6F916A34EFBCC0BE01C189A0 /* Pods_carborn.framework in Frameworks */ = {isa = PBXBuildFile; fileRef = E32ED0A81D2387A22EB2ADA7 /* Pods_carborn.framework */; };
		B1490FED23702CDB00AAE416 /* NavigationController.swift in Sources */ = {isa = PBXBuildFile; fileRef = B1490FEC23702CDB00AAE416 /* NavigationController.swift */; };
		B1490FF023702E8000AAE416 /* MenuViewController.swift in Sources */ = {isa = PBXBuildFile; fileRef = B1490FEF23702E8000AAE416 /* MenuViewController.swift */; };
		B1490FF223702E8C00AAE416 /* MenuView.swift in Sources */ = {isa = PBXBuildFile; fileRef = B1490FF123702E8C00AAE416 /* MenuView.swift */; };
		B1490FF423702E9400AAE416 /* MenuViewModel.swift in Sources */ = {isa = PBXBuildFile; fileRef = B1490FF323702E9400AAE416 /* MenuViewModel.swift */; };
		B1490FF623702E9D00AAE416 /* MenuModel.swift in Sources */ = {isa = PBXBuildFile; fileRef = B1490FF523702E9D00AAE416 /* MenuModel.swift */; };
		B1CB784723702B3F00D03942 /* AppDelegate.swift in Sources */ = {isa = PBXBuildFile; fileRef = B1CB784623702B3F00D03942 /* AppDelegate.swift */; };
		B1CB784923702B4000D03942 /* SceneDelegate.swift in Sources */ = {isa = PBXBuildFile; fileRef = B1CB784823702B4000D03942 /* SceneDelegate.swift */; };
		B1CB784B23702B4000D03942 /* ViewController.swift in Sources */ = {isa = PBXBuildFile; fileRef = B1CB784A23702B4000D03942 /* ViewController.swift */; };
		B1CB785023702B4100D03942 /* Assets.xcassets in Resources */ = {isa = PBXBuildFile; fileRef = B1CB784F23702B4100D03942 /* Assets.xcassets */; };
		B1CB785323702B4100D03942 /* LaunchScreen.storyboard in Resources */ = {isa = PBXBuildFile; fileRef = B1CB785123702B4100D03942 /* LaunchScreen.storyboard */; };
		B1CB785E23702B4100D03942 /* carbornTests.swift in Sources */ = {isa = PBXBuildFile; fileRef = B1CB785D23702B4100D03942 /* carbornTests.swift */; };
		B1CB786923702B4100D03942 /* carbornUITests.swift in Sources */ = {isa = PBXBuildFile; fileRef = B1CB786823702B4100D03942 /* carbornUITests.swift */; };
/* End PBXBuildFile section */

/* Begin PBXContainerItemProxy section */
		B1CB785A23702B4100D03942 /* PBXContainerItemProxy */ = {
			isa = PBXContainerItemProxy;
			containerPortal = B1CB783B23702B3F00D03942 /* Project object */;
			proxyType = 1;
			remoteGlobalIDString = B1CB784223702B3F00D03942;
			remoteInfo = carborn;
		};
		B1CB786523702B4100D03942 /* PBXContainerItemProxy */ = {
			isa = PBXContainerItemProxy;
			containerPortal = B1CB783B23702B3F00D03942 /* Project object */;
			proxyType = 1;
			remoteGlobalIDString = B1CB784223702B3F00D03942;
			remoteInfo = carborn;
		};
/* End PBXContainerItemProxy section */

/* Begin PBXFileReference section */
		5BE228894795481E4F3C3271 /* Pods-carborn.debug.xcconfig */ = {isa = PBXFileReference; includeInIndex = 1; lastKnownFileType = text.xcconfig; name = "Pods-carborn.debug.xcconfig"; path = "Target Support Files/Pods-carborn/Pods-carborn.debug.xcconfig"; sourceTree = "<group>"; };
		65494CDB23733642007DFD5C /* MenuTableViewCell.swift */ = {isa = PBXFileReference; lastKnownFileType = sourcecode.swift; path = MenuTableViewCell.swift; sourceTree = "<group>"; };
		65D4B61E237082C90018E33B /* GoogleService-Info.plist */ = {isa = PBXFileReference; fileEncoding = 4; lastKnownFileType = text.plist.xml; path = "GoogleService-Info.plist"; sourceTree = "<group>"; };
		7C67E3E58331446876857762 /* Pods-carbornTests.debug.xcconfig */ = {isa = PBXFileReference; includeInIndex = 1; lastKnownFileType = text.xcconfig; name = "Pods-carbornTests.debug.xcconfig"; path = "Target Support Files/Pods-carbornTests/Pods-carbornTests.debug.xcconfig"; sourceTree = "<group>"; };
		829DEC1B0DBED5728585E9D1 /* Pods_carborn_carbornUITests.framework */ = {isa = PBXFileReference; explicitFileType = wrapper.framework; includeInIndex = 0; path = Pods_carborn_carbornUITests.framework; sourceTree = BUILT_PRODUCTS_DIR; };
		9DD145DD132E1BCCCC3D54D9 /* Pods-carborn-carbornUITests.debug.xcconfig */ = {isa = PBXFileReference; includeInIndex = 1; lastKnownFileType = text.xcconfig; name = "Pods-carborn-carbornUITests.debug.xcconfig"; path = "Target Support Files/Pods-carborn-carbornUITests/Pods-carborn-carbornUITests.debug.xcconfig"; sourceTree = "<group>"; };
		A0D8D380330B47E92589276C /* Pods-carbornTests.release.xcconfig */ = {isa = PBXFileReference; includeInIndex = 1; lastKnownFileType = text.xcconfig; name = "Pods-carbornTests.release.xcconfig"; path = "Target Support Files/Pods-carbornTests/Pods-carbornTests.release.xcconfig"; sourceTree = "<group>"; };
		B1490FEC23702CDB00AAE416 /* NavigationController.swift */ = {isa = PBXFileReference; lastKnownFileType = sourcecode.swift; path = NavigationController.swift; sourceTree = "<group>"; };
		B1490FEF23702E8000AAE416 /* MenuViewController.swift */ = {isa = PBXFileReference; lastKnownFileType = sourcecode.swift; path = MenuViewController.swift; sourceTree = "<group>"; };
		B1490FF123702E8C00AAE416 /* MenuView.swift */ = {isa = PBXFileReference; lastKnownFileType = sourcecode.swift; path = MenuView.swift; sourceTree = "<group>"; };
		B1490FF323702E9400AAE416 /* MenuViewModel.swift */ = {isa = PBXFileReference; lastKnownFileType = sourcecode.swift; path = MenuViewModel.swift; sourceTree = "<group>"; };
		B1490FF523702E9D00AAE416 /* MenuModel.swift */ = {isa = PBXFileReference; lastKnownFileType = sourcecode.swift; path = MenuModel.swift; sourceTree = "<group>"; };
		B1CB784323702B3F00D03942 /* carborn.app */ = {isa = PBXFileReference; explicitFileType = wrapper.application; includeInIndex = 0; path = carborn.app; sourceTree = BUILT_PRODUCTS_DIR; };
		B1CB784623702B3F00D03942 /* AppDelegate.swift */ = {isa = PBXFileReference; lastKnownFileType = sourcecode.swift; path = AppDelegate.swift; sourceTree = "<group>"; };
		B1CB784823702B4000D03942 /* SceneDelegate.swift */ = {isa = PBXFileReference; lastKnownFileType = sourcecode.swift; path = SceneDelegate.swift; sourceTree = "<group>"; };
		B1CB784A23702B4000D03942 /* ViewController.swift */ = {isa = PBXFileReference; lastKnownFileType = sourcecode.swift; path = ViewController.swift; sourceTree = "<group>"; };
		B1CB784F23702B4100D03942 /* Assets.xcassets */ = {isa = PBXFileReference; lastKnownFileType = folder.assetcatalog; path = Assets.xcassets; sourceTree = "<group>"; };
		B1CB785223702B4100D03942 /* Base */ = {isa = PBXFileReference; lastKnownFileType = file.storyboard; name = Base; path = Base.lproj/LaunchScreen.storyboard; sourceTree = "<group>"; };
		B1CB785423702B4100D03942 /* Info.plist */ = {isa = PBXFileReference; lastKnownFileType = text.plist.xml; path = Info.plist; sourceTree = "<group>"; };
		B1CB785923702B4100D03942 /* carbornTests.xctest */ = {isa = PBXFileReference; explicitFileType = wrapper.cfbundle; includeInIndex = 0; path = carbornTests.xctest; sourceTree = BUILT_PRODUCTS_DIR; };
		B1CB785D23702B4100D03942 /* carbornTests.swift */ = {isa = PBXFileReference; lastKnownFileType = sourcecode.swift; path = carbornTests.swift; sourceTree = "<group>"; };
		B1CB785F23702B4100D03942 /* Info.plist */ = {isa = PBXFileReference; lastKnownFileType = text.plist.xml; path = Info.plist; sourceTree = "<group>"; };
		B1CB786423702B4100D03942 /* carbornUITests.xctest */ = {isa = PBXFileReference; explicitFileType = wrapper.cfbundle; includeInIndex = 0; path = carbornUITests.xctest; sourceTree = BUILT_PRODUCTS_DIR; };
		B1CB786823702B4100D03942 /* carbornUITests.swift */ = {isa = PBXFileReference; lastKnownFileType = sourcecode.swift; path = carbornUITests.swift; sourceTree = "<group>"; };
		B1CB786A23702B4100D03942 /* Info.plist */ = {isa = PBXFileReference; lastKnownFileType = text.plist.xml; path = Info.plist; sourceTree = "<group>"; };
		DF8FA683BC99BB42003E88E8 /* Pods-carborn.release.xcconfig */ = {isa = PBXFileReference; includeInIndex = 1; lastKnownFileType = text.xcconfig; name = "Pods-carborn.release.xcconfig"; path = "Target Support Files/Pods-carborn/Pods-carborn.release.xcconfig"; sourceTree = "<group>"; };
		E32ED0A81D2387A22EB2ADA7 /* Pods_carborn.framework */ = {isa = PBXFileReference; explicitFileType = wrapper.framework; includeInIndex = 0; path = Pods_carborn.framework; sourceTree = BUILT_PRODUCTS_DIR; };
		EE65A3D476E3E793FA023B4E /* Pods_carbornTests.framework */ = {isa = PBXFileReference; explicitFileType = wrapper.framework; includeInIndex = 0; path = Pods_carbornTests.framework; sourceTree = BUILT_PRODUCTS_DIR; };
		EEA648A71E2EAB3E1BC4E4FB /* Pods-carborn-carbornUITests.release.xcconfig */ = {isa = PBXFileReference; includeInIndex = 1; lastKnownFileType = text.xcconfig; name = "Pods-carborn-carbornUITests.release.xcconfig"; path = "Target Support Files/Pods-carborn-carbornUITests/Pods-carborn-carbornUITests.release.xcconfig"; sourceTree = "<group>"; };
/* End PBXFileReference section */

/* Begin PBXFrameworksBuildPhase section */
		B1CB784023702B3F00D03942 /* Frameworks */ = {
			isa = PBXFrameworksBuildPhase;
			buildActionMask = 2147483647;
			files = (
				6F916A34EFBCC0BE01C189A0 /* Pods_carborn.framework in Frameworks */,
			);
			runOnlyForDeploymentPostprocessing = 0;
		};
		B1CB785623702B4100D03942 /* Frameworks */ = {
			isa = PBXFrameworksBuildPhase;
			buildActionMask = 2147483647;
			files = (
				583DE38A2ABB3A77F5DD7576 /* Pods_carbornTests.framework in Frameworks */,
			);
			runOnlyForDeploymentPostprocessing = 0;
		};
		B1CB786123702B4100D03942 /* Frameworks */ = {
			isa = PBXFrameworksBuildPhase;
			buildActionMask = 2147483647;
			files = (
				48DFA0D39D9F9A030CEA3BF7 /* Pods_carborn_carbornUITests.framework in Frameworks */,
			);
			runOnlyForDeploymentPostprocessing = 0;
		};
/* End PBXFrameworksBuildPhase section */

/* Begin PBXGroup section */
		B1490FEE23702E6A00AAE416 /* Menu */ = {
			isa = PBXGroup;
			children = (
				B1490FF523702E9D00AAE416 /* MenuModel.swift */,
				B1490FF123702E8C00AAE416 /* MenuView.swift */,
				B1490FEF23702E8000AAE416 /* MenuViewController.swift */,
				B1490FF323702E9400AAE416 /* MenuViewModel.swift */,
				65494CDB23733642007DFD5C /* MenuTableViewCell.swift */,
			);
			path = Menu;
			sourceTree = "<group>";
		};
		B1CB783A23702B3F00D03942 = {
			isa = PBXGroup;
			children = (
				B1CB784523702B3F00D03942 /* carborn */,
				B1CB785C23702B4100D03942 /* carbornTests */,
				B1CB786723702B4100D03942 /* carbornUITests */,
				B1CB784423702B3F00D03942 /* Products */,
				EADFA1557E13B7198D163725 /* Pods */,
				DC2550ABAD51FC01C159C690 /* Frameworks */,
			);
			sourceTree = "<group>";
		};
		B1CB784423702B3F00D03942 /* Products */ = {
			isa = PBXGroup;
			children = (
				B1CB784323702B3F00D03942 /* carborn.app */,
				B1CB785923702B4100D03942 /* carbornTests.xctest */,
				B1CB786423702B4100D03942 /* carbornUITests.xctest */,
			);
			name = Products;
			sourceTree = "<group>";
		};
		B1CB784523702B3F00D03942 /* carborn */ = {
			isa = PBXGroup;
			children = (
				65D4B61E237082C90018E33B /* GoogleService-Info.plist */,
				B1CB785423702B4100D03942 /* Info.plist */,
				B1CB784623702B3F00D03942 /* AppDelegate.swift */,
				B1490FEC23702CDB00AAE416 /* NavigationController.swift */,
				B1CB784823702B4000D03942 /* SceneDelegate.swift */,
				B1CB784A23702B4000D03942 /* ViewController.swift */,
				B1CB784F23702B4100D03942 /* Assets.xcassets */,
				B1CB785123702B4100D03942 /* LaunchScreen.storyboard */,
				B1490FEE23702E6A00AAE416 /* Menu */,
			);
			path = carborn;
			sourceTree = "<group>";
		};
		B1CB785C23702B4100D03942 /* carbornTests */ = {
			isa = PBXGroup;
			children = (
				B1CB785D23702B4100D03942 /* carbornTests.swift */,
				B1CB785F23702B4100D03942 /* Info.plist */,
			);
			path = carbornTests;
			sourceTree = "<group>";
		};
		B1CB786723702B4100D03942 /* carbornUITests */ = {
			isa = PBXGroup;
			children = (
				B1CB786823702B4100D03942 /* carbornUITests.swift */,
				B1CB786A23702B4100D03942 /* Info.plist */,
			);
			path = carbornUITests;
			sourceTree = "<group>";
		};
		DC2550ABAD51FC01C159C690 /* Frameworks */ = {
			isa = PBXGroup;
			children = (
				E32ED0A81D2387A22EB2ADA7 /* Pods_carborn.framework */,
				829DEC1B0DBED5728585E9D1 /* Pods_carborn_carbornUITests.framework */,
				EE65A3D476E3E793FA023B4E /* Pods_carbornTests.framework */,
			);
			name = Frameworks;
			sourceTree = "<group>";
		};
		EADFA1557E13B7198D163725 /* Pods */ = {
			isa = PBXGroup;
			children = (
				5BE228894795481E4F3C3271 /* Pods-carborn.debug.xcconfig */,
				DF8FA683BC99BB42003E88E8 /* Pods-carborn.release.xcconfig */,
				9DD145DD132E1BCCCC3D54D9 /* Pods-carborn-carbornUITests.debug.xcconfig */,
				EEA648A71E2EAB3E1BC4E4FB /* Pods-carborn-carbornUITests.release.xcconfig */,
				7C67E3E58331446876857762 /* Pods-carbornTests.debug.xcconfig */,
				A0D8D380330B47E92589276C /* Pods-carbornTests.release.xcconfig */,
			);
			path = Pods;
			sourceTree = "<group>";
		};
/* End PBXGroup section */

/* Begin PBXNativeTarget section */
		B1CB784223702B3F00D03942 /* carborn */ = {
			isa = PBXNativeTarget;
			buildConfigurationList = B1CB786D23702B4100D03942 /* Build configuration list for PBXNativeTarget "carborn" */;
			buildPhases = (
				C9D8C801F4E87B9889762397 /* [CP] Check Pods Manifest.lock */,
				B1CB783F23702B3F00D03942 /* Sources */,
				B1CB784023702B3F00D03942 /* Frameworks */,
				B1CB784123702B3F00D03942 /* Resources */,
				084AFB2DA5BC1DF3B9911AA0 /* [CP] Embed Pods Frameworks */,
			);
			buildRules = (
			);
			dependencies = (
			);
			name = carborn;
			productName = carborn;
			productReference = B1CB784323702B3F00D03942 /* carborn.app */;
			productType = "com.apple.product-type.application";
		};
		B1CB785823702B4100D03942 /* carbornTests */ = {
			isa = PBXNativeTarget;
			buildConfigurationList = B1CB787023702B4100D03942 /* Build configuration list for PBXNativeTarget "carbornTests" */;
			buildPhases = (
				46BA9B8E1A541928434D9CDE /* [CP] Check Pods Manifest.lock */,
				B1CB785523702B4100D03942 /* Sources */,
				B1CB785623702B4100D03942 /* Frameworks */,
				B1CB785723702B4100D03942 /* Resources */,
				4D1C99CF713AC467DA267F1D /* [CP] Embed Pods Frameworks */,
			);
			buildRules = (
			);
			dependencies = (
				B1CB785B23702B4100D03942 /* PBXTargetDependency */,
			);
			name = carbornTests;
			productName = carbornTests;
			productReference = B1CB785923702B4100D03942 /* carbornTests.xctest */;
			productType = "com.apple.product-type.bundle.unit-test";
		};
		B1CB786323702B4100D03942 /* carbornUITests */ = {
			isa = PBXNativeTarget;
			buildConfigurationList = B1CB787323702B4100D03942 /* Build configuration list for PBXNativeTarget "carbornUITests" */;
			buildPhases = (
				D2189E9BF0ECABFF128DA17F /* [CP] Check Pods Manifest.lock */,
				B1CB786023702B4100D03942 /* Sources */,
				B1CB786123702B4100D03942 /* Frameworks */,
				B1CB786223702B4100D03942 /* Resources */,
				934AF0D24B86FF582CB17F46 /* [CP] Embed Pods Frameworks */,
			);
			buildRules = (
			);
			dependencies = (
				B1CB786623702B4100D03942 /* PBXTargetDependency */,
			);
			name = carbornUITests;
			productName = carbornUITests;
			productReference = B1CB786423702B4100D03942 /* carbornUITests.xctest */;
			productType = "com.apple.product-type.bundle.ui-testing";
		};
/* End PBXNativeTarget section */

/* Begin PBXProject section */
		B1CB783B23702B3F00D03942 /* Project object */ = {
			isa = PBXProject;
			attributes = {
				LastSwiftUpdateCheck = 1120;
				LastUpgradeCheck = 1120;
				ORGANIZATIONNAME = jud.lee;
				TargetAttributes = {
					B1CB784223702B3F00D03942 = {
						CreatedOnToolsVersion = 11.2;
					};
					B1CB785823702B4100D03942 = {
						CreatedOnToolsVersion = 11.2;
						TestTargetID = B1CB784223702B3F00D03942;
					};
					B1CB786323702B4100D03942 = {
						CreatedOnToolsVersion = 11.2;
						TestTargetID = B1CB784223702B3F00D03942;
					};
				};
			};
			buildConfigurationList = B1CB783E23702B3F00D03942 /* Build configuration list for PBXProject "carborn" */;
			compatibilityVersion = "Xcode 9.3";
			developmentRegion = en;
			hasScannedForEncodings = 0;
			knownRegions = (
				en,
				Base,
			);
			mainGroup = B1CB783A23702B3F00D03942;
			productRefGroup = B1CB784423702B3F00D03942 /* Products */;
			projectDirPath = "";
			projectRoot = "";
			targets = (
				B1CB784223702B3F00D03942 /* carborn */,
				B1CB785823702B4100D03942 /* carbornTests */,
				B1CB786323702B4100D03942 /* carbornUITests */,
			);
		};
/* End PBXProject section */

/* Begin PBXResourcesBuildPhase section */
		B1CB784123702B3F00D03942 /* Resources */ = {
			isa = PBXResourcesBuildPhase;
			buildActionMask = 2147483647;
			files = (
				B1CB785323702B4100D03942 /* LaunchScreen.storyboard in Resources */,
				B1CB785023702B4100D03942 /* Assets.xcassets in Resources */,
				65D4B61F237082C90018E33B /* GoogleService-Info.plist in Resources */,
			);
			runOnlyForDeploymentPostprocessing = 0;
		};
		B1CB785723702B4100D03942 /* Resources */ = {
			isa = PBXResourcesBuildPhase;
			buildActionMask = 2147483647;
			files = (
			);
			runOnlyForDeploymentPostprocessing = 0;
		};
		B1CB786223702B4100D03942 /* Resources */ = {
			isa = PBXResourcesBuildPhase;
			buildActionMask = 2147483647;
			files = (
			);
			runOnlyForDeploymentPostprocessing = 0;
		};
/* End PBXResourcesBuildPhase section */

/* Begin PBXShellScriptBuildPhase section */
		084AFB2DA5BC1DF3B9911AA0 /* [CP] Embed Pods Frameworks */ = {
			isa = PBXShellScriptBuildPhase;
			buildActionMask = 2147483647;
			files = (
			);
			inputFileListPaths = (
				"${PODS_ROOT}/Target Support Files/Pods-carborn/Pods-carborn-frameworks-${CONFIGURATION}-input-files.xcfilelist",
			);
			name = "[CP] Embed Pods Frameworks";
			outputFileListPaths = (
				"${PODS_ROOT}/Target Support Files/Pods-carborn/Pods-carborn-frameworks-${CONFIGURATION}-output-files.xcfilelist",
			);
			runOnlyForDeploymentPostprocessing = 0;
			shellPath = /bin/sh;
			shellScript = "\"${PODS_ROOT}/Target Support Files/Pods-carborn/Pods-carborn-frameworks.sh\"\n";
			showEnvVarsInLog = 0;
		};
		46BA9B8E1A541928434D9CDE /* [CP] Check Pods Manifest.lock */ = {
			isa = PBXShellScriptBuildPhase;
			buildActionMask = 2147483647;
			files = (
			);
			inputFileListPaths = (
			);
			inputPaths = (
				"${PODS_PODFILE_DIR_PATH}/Podfile.lock",
				"${PODS_ROOT}/Manifest.lock",
			);
			name = "[CP] Check Pods Manifest.lock";
			outputFileListPaths = (
			);
			outputPaths = (
				"$(DERIVED_FILE_DIR)/Pods-carbornTests-checkManifestLockResult.txt",
			);
			runOnlyForDeploymentPostprocessing = 0;
			shellPath = /bin/sh;
			shellScript = "diff \"${PODS_PODFILE_DIR_PATH}/Podfile.lock\" \"${PODS_ROOT}/Manifest.lock\" > /dev/null\nif [ $? != 0 ] ; then\n    # print error to STDERR\n    echo \"error: The sandbox is not in sync with the Podfile.lock. Run 'pod install' or update your CocoaPods installation.\" >&2\n    exit 1\nfi\n# This output is used by Xcode 'outputs' to avoid re-running this script phase.\necho \"SUCCESS\" > \"${SCRIPT_OUTPUT_FILE_0}\"\n";
			showEnvVarsInLog = 0;
		};
		4D1C99CF713AC467DA267F1D /* [CP] Embed Pods Frameworks */ = {
			isa = PBXShellScriptBuildPhase;
			buildActionMask = 2147483647;
			files = (
			);
			inputFileListPaths = (
				"${PODS_ROOT}/Target Support Files/Pods-carbornTests/Pods-carbornTests-frameworks-${CONFIGURATION}-input-files.xcfilelist",
			);
			name = "[CP] Embed Pods Frameworks";
			outputFileListPaths = (
				"${PODS_ROOT}/Target Support Files/Pods-carbornTests/Pods-carbornTests-frameworks-${CONFIGURATION}-output-files.xcfilelist",
			);
			runOnlyForDeploymentPostprocessing = 0;
			shellPath = /bin/sh;
			shellScript = "\"${PODS_ROOT}/Target Support Files/Pods-carbornTests/Pods-carbornTests-frameworks.sh\"\n";
			showEnvVarsInLog = 0;
		};
		934AF0D24B86FF582CB17F46 /* [CP] Embed Pods Frameworks */ = {
			isa = PBXShellScriptBuildPhase;
			buildActionMask = 2147483647;
			files = (
			);
			inputFileListPaths = (
				"${PODS_ROOT}/Target Support Files/Pods-carborn-carbornUITests/Pods-carborn-carbornUITests-frameworks-${CONFIGURATION}-input-files.xcfilelist",
			);
			name = "[CP] Embed Pods Frameworks";
			outputFileListPaths = (
				"${PODS_ROOT}/Target Support Files/Pods-carborn-carbornUITests/Pods-carborn-carbornUITests-frameworks-${CONFIGURATION}-output-files.xcfilelist",
			);
			runOnlyForDeploymentPostprocessing = 0;
			shellPath = /bin/sh;
			shellScript = "\"${PODS_ROOT}/Target Support Files/Pods-carborn-carbornUITests/Pods-carborn-carbornUITests-frameworks.sh\"\n";
			showEnvVarsInLog = 0;
		};
		C9D8C801F4E87B9889762397 /* [CP] Check Pods Manifest.lock */ = {
			isa = PBXShellScriptBuildPhase;
			buildActionMask = 2147483647;
			files = (
			);
			inputFileListPaths = (
			);
			inputPaths = (
				"${PODS_PODFILE_DIR_PATH}/Podfile.lock",
				"${PODS_ROOT}/Manifest.lock",
			);
			name = "[CP] Check Pods Manifest.lock";
			outputFileListPaths = (
			);
			outputPaths = (
				"$(DERIVED_FILE_DIR)/Pods-carborn-checkManifestLockResult.txt",
			);
			runOnlyForDeploymentPostprocessing = 0;
			shellPath = /bin/sh;
			shellScript = "diff \"${PODS_PODFILE_DIR_PATH}/Podfile.lock\" \"${PODS_ROOT}/Manifest.lock\" > /dev/null\nif [ $? != 0 ] ; then\n    # print error to STDERR\n    echo \"error: The sandbox is not in sync with the Podfile.lock. Run 'pod install' or update your CocoaPods installation.\" >&2\n    exit 1\nfi\n# This output is used by Xcode 'outputs' to avoid re-running this script phase.\necho \"SUCCESS\" > \"${SCRIPT_OUTPUT_FILE_0}\"\n";
			showEnvVarsInLog = 0;
		};
		D2189E9BF0ECABFF128DA17F /* [CP] Check Pods Manifest.lock */ = {
			isa = PBXShellScriptBuildPhase;
			buildActionMask = 2147483647;
			files = (
			);
			inputFileListPaths = (
			);
			inputPaths = (
				"${PODS_PODFILE_DIR_PATH}/Podfile.lock",
				"${PODS_ROOT}/Manifest.lock",
			);
			name = "[CP] Check Pods Manifest.lock";
			outputFileListPaths = (
			);
			outputPaths = (
				"$(DERIVED_FILE_DIR)/Pods-carborn-carbornUITests-checkManifestLockResult.txt",
			);
			runOnlyForDeploymentPostprocessing = 0;
			shellPath = /bin/sh;
			shellScript = "diff \"${PODS_PODFILE_DIR_PATH}/Podfile.lock\" \"${PODS_ROOT}/Manifest.lock\" > /dev/null\nif [ $? != 0 ] ; then\n    # print error to STDERR\n    echo \"error: The sandbox is not in sync with the Podfile.lock. Run 'pod install' or update your CocoaPods installation.\" >&2\n    exit 1\nfi\n# This output is used by Xcode 'outputs' to avoid re-running this script phase.\necho \"SUCCESS\" > \"${SCRIPT_OUTPUT_FILE_0}\"\n";
			showEnvVarsInLog = 0;
		};
/* End PBXShellScriptBuildPhase section */

/* Begin PBXSourcesBuildPhase section */
		B1CB783F23702B3F00D03942 /* Sources */ = {
			isa = PBXSourcesBuildPhase;
			buildActionMask = 2147483647;
			files = (
				B1490FF623702E9D00AAE416 /* MenuModel.swift in Sources */,
				B1CB784B23702B4000D03942 /* ViewController.swift in Sources */,
				B1490FF423702E9400AAE416 /* MenuViewModel.swift in Sources */,
				B1490FF223702E8C00AAE416 /* MenuView.swift in Sources */,
				B1490FF023702E8000AAE416 /* MenuViewController.swift in Sources */,
				65494CDC23733642007DFD5C /* MenuTableViewCell.swift in Sources */,
				B1490FED23702CDB00AAE416 /* NavigationController.swift in Sources */,
				B1CB784723702B3F00D03942 /* AppDelegate.swift in Sources */,
				B1CB784923702B4000D03942 /* SceneDelegate.swift in Sources */,
			);
			runOnlyForDeploymentPostprocessing = 0;
		};
		B1CB785523702B4100D03942 /* Sources */ = {
			isa = PBXSourcesBuildPhase;
			buildActionMask = 2147483647;
			files = (
				B1CB785E23702B4100D03942 /* carbornTests.swift in Sources */,
			);
			runOnlyForDeploymentPostprocessing = 0;
		};
		B1CB786023702B4100D03942 /* Sources */ = {
			isa = PBXSourcesBuildPhase;
			buildActionMask = 2147483647;
			files = (
				B1CB786923702B4100D03942 /* carbornUITests.swift in Sources */,
			);
			runOnlyForDeploymentPostprocessing = 0;
		};
/* End PBXSourcesBuildPhase section */

/* Begin PBXTargetDependency section */
		B1CB785B23702B4100D03942 /* PBXTargetDependency */ = {
			isa = PBXTargetDependency;
			target = B1CB784223702B3F00D03942 /* carborn */;
			targetProxy = B1CB785A23702B4100D03942 /* PBXContainerItemProxy */;
		};
		B1CB786623702B4100D03942 /* PBXTargetDependency */ = {
			isa = PBXTargetDependency;
			target = B1CB784223702B3F00D03942 /* carborn */;
			targetProxy = B1CB786523702B4100D03942 /* PBXContainerItemProxy */;
		};
/* End PBXTargetDependency section */

/* Begin PBXVariantGroup section */
		B1CB785123702B4100D03942 /* LaunchScreen.storyboard */ = {
			isa = PBXVariantGroup;
			children = (
				B1CB785223702B4100D03942 /* Base */,
			);
			name = LaunchScreen.storyboard;
			sourceTree = "<group>";
		};
/* End PBXVariantGroup section */

/* Begin XCBuildConfiguration section */
		B1CB786B23702B4100D03942 /* Debug */ = {
			isa = XCBuildConfiguration;
			buildSettings = {
				ALWAYS_SEARCH_USER_PATHS = NO;
				CLANG_ANALYZER_NONNULL = YES;
				CLANG_ANALYZER_NUMBER_OBJECT_CONVERSION = YES_AGGRESSIVE;
				CLANG_CXX_LANGUAGE_STANDARD = "gnu++14";
				CLANG_CXX_LIBRARY = "libc++";
				CLANG_ENABLE_MODULES = YES;
				CLANG_ENABLE_OBJC_ARC = YES;
				CLANG_ENABLE_OBJC_WEAK = YES;
				CLANG_WARN_BLOCK_CAPTURE_AUTORELEASING = YES;
				CLANG_WARN_BOOL_CONVERSION = YES;
				CLANG_WARN_COMMA = YES;
				CLANG_WARN_CONSTANT_CONVERSION = YES;
				CLANG_WARN_DEPRECATED_OBJC_IMPLEMENTATIONS = YES;
				CLANG_WARN_DIRECT_OBJC_ISA_USAGE = YES_ERROR;
				CLANG_WARN_DOCUMENTATION_COMMENTS = YES;
				CLANG_WARN_EMPTY_BODY = YES;
				CLANG_WARN_ENUM_CONVERSION = YES;
				CLANG_WARN_INFINITE_RECURSION = YES;
				CLANG_WARN_INT_CONVERSION = YES;
				CLANG_WARN_NON_LITERAL_NULL_CONVERSION = YES;
				CLANG_WARN_OBJC_IMPLICIT_RETAIN_SELF = YES;
				CLANG_WARN_OBJC_LITERAL_CONVERSION = YES;
				CLANG_WARN_OBJC_ROOT_CLASS = YES_ERROR;
				CLANG_WARN_RANGE_LOOP_ANALYSIS = YES;
				CLANG_WARN_STRICT_PROTOTYPES = YES;
				CLANG_WARN_SUSPICIOUS_MOVE = YES;
				CLANG_WARN_UNGUARDED_AVAILABILITY = YES_AGGRESSIVE;
				CLANG_WARN_UNREACHABLE_CODE = YES;
				CLANG_WARN__DUPLICATE_METHOD_MATCH = YES;
				COPY_PHASE_STRIP = NO;
				DEBUG_INFORMATION_FORMAT = dwarf;
				ENABLE_STRICT_OBJC_MSGSEND = YES;
				ENABLE_TESTABILITY = YES;
				GCC_C_LANGUAGE_STANDARD = gnu11;
				GCC_DYNAMIC_NO_PIC = NO;
				GCC_NO_COMMON_BLOCKS = YES;
				GCC_OPTIMIZATION_LEVEL = 0;
				GCC_PREPROCESSOR_DEFINITIONS = (
					"DEBUG=1",
					"$(inherited)",
				);
				GCC_WARN_64_TO_32_BIT_CONVERSION = YES;
				GCC_WARN_ABOUT_RETURN_TYPE = YES_ERROR;
				GCC_WARN_UNDECLARED_SELECTOR = YES;
				GCC_WARN_UNINITIALIZED_AUTOS = YES_AGGRESSIVE;
				GCC_WARN_UNUSED_FUNCTION = YES;
				GCC_WARN_UNUSED_VARIABLE = YES;
				IPHONEOS_DEPLOYMENT_TARGET = 13.1;
				MTL_ENABLE_DEBUG_INFO = INCLUDE_SOURCE;
				MTL_FAST_MATH = YES;
				ONLY_ACTIVE_ARCH = YES;
				SDKROOT = iphoneos;
				SWIFT_ACTIVE_COMPILATION_CONDITIONS = DEBUG;
				SWIFT_OPTIMIZATION_LEVEL = "-Onone";
			};
			name = Debug;
		};
		B1CB786C23702B4100D03942 /* Release */ = {
			isa = XCBuildConfiguration;
			buildSettings = {
				ALWAYS_SEARCH_USER_PATHS = NO;
				CLANG_ANALYZER_NONNULL = YES;
				CLANG_ANALYZER_NUMBER_OBJECT_CONVERSION = YES_AGGRESSIVE;
				CLANG_CXX_LANGUAGE_STANDARD = "gnu++14";
				CLANG_CXX_LIBRARY = "libc++";
				CLANG_ENABLE_MODULES = YES;
				CLANG_ENABLE_OBJC_ARC = YES;
				CLANG_ENABLE_OBJC_WEAK = YES;
				CLANG_WARN_BLOCK_CAPTURE_AUTORELEASING = YES;
				CLANG_WARN_BOOL_CONVERSION = YES;
				CLANG_WARN_COMMA = YES;
				CLANG_WARN_CONSTANT_CONVERSION = YES;
				CLANG_WARN_DEPRECATED_OBJC_IMPLEMENTATIONS = YES;
				CLANG_WARN_DIRECT_OBJC_ISA_USAGE = YES_ERROR;
				CLANG_WARN_DOCUMENTATION_COMMENTS = YES;
				CLANG_WARN_EMPTY_BODY = YES;
				CLANG_WARN_ENUM_CONVERSION = YES;
				CLANG_WARN_INFINITE_RECURSION = YES;
				CLANG_WARN_INT_CONVERSION = YES;
				CLANG_WARN_NON_LITERAL_NULL_CONVERSION = YES;
				CLANG_WARN_OBJC_IMPLICIT_RETAIN_SELF = YES;
				CLANG_WARN_OBJC_LITERAL_CONVERSION = YES;
				CLANG_WARN_OBJC_ROOT_CLASS = YES_ERROR;
				CLANG_WARN_RANGE_LOOP_ANALYSIS = YES;
				CLANG_WARN_STRICT_PROTOTYPES = YES;
				CLANG_WARN_SUSPICIOUS_MOVE = YES;
				CLANG_WARN_UNGUARDED_AVAILABILITY = YES_AGGRESSIVE;
				CLANG_WARN_UNREACHABLE_CODE = YES;
				CLANG_WARN__DUPLICATE_METHOD_MATCH = YES;
				COPY_PHASE_STRIP = NO;
				DEBUG_INFORMATION_FORMAT = "dwarf-with-dsym";
				ENABLE_NS_ASSERTIONS = NO;
				ENABLE_STRICT_OBJC_MSGSEND = YES;
				GCC_C_LANGUAGE_STANDARD = gnu11;
				GCC_NO_COMMON_BLOCKS = YES;
				GCC_WARN_64_TO_32_BIT_CONVERSION = YES;
				GCC_WARN_ABOUT_RETURN_TYPE = YES_ERROR;
				GCC_WARN_UNDECLARED_SELECTOR = YES;
				GCC_WARN_UNINITIALIZED_AUTOS = YES_AGGRESSIVE;
				GCC_WARN_UNUSED_FUNCTION = YES;
				GCC_WARN_UNUSED_VARIABLE = YES;
				IPHONEOS_DEPLOYMENT_TARGET = 13.1;
				MTL_ENABLE_DEBUG_INFO = NO;
				MTL_FAST_MATH = YES;
				SDKROOT = iphoneos;
				SWIFT_COMPILATION_MODE = wholemodule;
				SWIFT_OPTIMIZATION_LEVEL = "-O";
				VALIDATE_PRODUCT = YES;
			};
			name = Release;
		};
		B1CB786E23702B4100D03942 /* Debug */ = {
			isa = XCBuildConfiguration;
			baseConfigurationReference = 5BE228894795481E4F3C3271 /* Pods-carborn.debug.xcconfig */;
			buildSettings = {
				ASSETCATALOG_COMPILER_APPICON_NAME = AppIcon;
				CODE_SIGN_STYLE = Automatic;
				DEVELOPMENT_TEAM = DJJ7L7SWLK;
				INFOPLIST_FILE = carborn/Info.plist;
				LD_RUNPATH_SEARCH_PATHS = (
					"$(inherited)",
					"@executable_path/Frameworks",
				);
				PRODUCT_BUNDLE_IDENTIFIER = com.slowslipper.carborn;
				PRODUCT_NAME = "$(TARGET_NAME)";
				SWIFT_VERSION = 5.0;
				TARGETED_DEVICE_FAMILY = 1;
			};
			name = Debug;
		};
		B1CB786F23702B4100D03942 /* Release */ = {
			isa = XCBuildConfiguration;
			baseConfigurationReference = DF8FA683BC99BB42003E88E8 /* Pods-carborn.release.xcconfig */;
			buildSettings = {
				ASSETCATALOG_COMPILER_APPICON_NAME = AppIcon;
				CODE_SIGN_STYLE = Automatic;
				DEVELOPMENT_TEAM = DJJ7L7SWLK;
				INFOPLIST_FILE = carborn/Info.plist;
				LD_RUNPATH_SEARCH_PATHS = (
					"$(inherited)",
					"@executable_path/Frameworks",
				);
				PRODUCT_BUNDLE_IDENTIFIER = com.slowslipper.carborn;
				PRODUCT_NAME = "$(TARGET_NAME)";
				SWIFT_VERSION = 5.0;
				TARGETED_DEVICE_FAMILY = 1;
			};
			name = Release;
		};
		B1CB787123702B4100D03942 /* Debug */ = {
			isa = XCBuildConfiguration;
			baseConfigurationReference = 7C67E3E58331446876857762 /* Pods-carbornTests.debug.xcconfig */;
			buildSettings = {
				ALWAYS_EMBED_SWIFT_STANDARD_LIBRARIES = YES;
				BUNDLE_LOADER = "$(TEST_HOST)";
				CODE_SIGN_STYLE = Automatic;
				DEVELOPMENT_TEAM = DJJ7L7SWLK;
				INFOPLIST_FILE = carbornTests/Info.plist;
				IPHONEOS_DEPLOYMENT_TARGET = 13.0;
				LD_RUNPATH_SEARCH_PATHS = (
					"$(inherited)",
					"@executable_path/Frameworks",
					"@loader_path/Frameworks",
				);
				PRODUCT_BUNDLE_IDENTIFIER = slowslipper.carbornTests;
				PRODUCT_NAME = "$(TARGET_NAME)";
				SWIFT_VERSION = 5.0;
				TARGETED_DEVICE_FAMILY = "1,2";
				TEST_HOST = "$(BUILT_PRODUCTS_DIR)/carborn.app/carborn";
			};
			name = Debug;
		};
		B1CB787223702B4100D03942 /* Release */ = {
			isa = XCBuildConfiguration;
			baseConfigurationReference = A0D8D380330B47E92589276C /* Pods-carbornTests.release.xcconfig */;
			buildSettings = {
				ALWAYS_EMBED_SWIFT_STANDARD_LIBRARIES = YES;
				BUNDLE_LOADER = "$(TEST_HOST)";
				CODE_SIGN_STYLE = Automatic;
				DEVELOPMENT_TEAM = DJJ7L7SWLK;
				INFOPLIST_FILE = carbornTests/Info.plist;
				IPHONEOS_DEPLOYMENT_TARGET = 13.0;
				LD_RUNPATH_SEARCH_PATHS = (
					"$(inherited)",
					"@executable_path/Frameworks",
					"@loader_path/Frameworks",
				);
				PRODUCT_BUNDLE_IDENTIFIER = slowslipper.carbornTests;
				PRODUCT_NAME = "$(TARGET_NAME)";
				SWIFT_VERSION = 5.0;
				TARGETED_DEVICE_FAMILY = "1,2";
				TEST_HOST = "$(BUILT_PRODUCTS_DIR)/carborn.app/carborn";
			};
			name = Release;
		};
		B1CB787423702B4100D03942 /* Debug */ = {
			isa = XCBuildConfiguration;
			baseConfigurationReference = 9DD145DD132E1BCCCC3D54D9 /* Pods-carborn-carbornUITests.debug.xcconfig */;
			buildSettings = {
				ALWAYS_EMBED_SWIFT_STANDARD_LIBRARIES = YES;
				CODE_SIGN_STYLE = Automatic;
				DEVELOPMENT_TEAM = DJJ7L7SWLK;
				INFOPLIST_FILE = carbornUITests/Info.plist;
				LD_RUNPATH_SEARCH_PATHS = (
					"$(inherited)",
					"@executable_path/Frameworks",
					"@loader_path/Frameworks",
				);
				PRODUCT_BUNDLE_IDENTIFIER = slowslipper.carbornUITests;
				PRODUCT_NAME = "$(TARGET_NAME)";
				SWIFT_VERSION = 5.0;
				TARGETED_DEVICE_FAMILY = "1,2";
				TEST_TARGET_NAME = carborn;
			};
			name = Debug;
		};
		B1CB787523702B4100D03942 /* Release */ = {
			isa = XCBuildConfiguration;
			baseConfigurationReference = EEA648A71E2EAB3E1BC4E4FB /* Pods-carborn-carbornUITests.release.xcconfig */;
			buildSettings = {
				ALWAYS_EMBED_SWIFT_STANDARD_LIBRARIES = YES;
				CODE_SIGN_STYLE = Automatic;
				DEVELOPMENT_TEAM = DJJ7L7SWLK;
				INFOPLIST_FILE = carbornUITests/Info.plist;
				LD_RUNPATH_SEARCH_PATHS = (
					"$(inherited)",
					"@executable_path/Frameworks",
					"@loader_path/Frameworks",
				);
				PRODUCT_BUNDLE_IDENTIFIER = slowslipper.carbornUITests;
				PRODUCT_NAME = "$(TARGET_NAME)";
				SWIFT_VERSION = 5.0;
				TARGETED_DEVICE_FAMILY = "1,2";
				TEST_TARGET_NAME = carborn;
			};
			name = Release;
		};
/* End XCBuildConfiguration section */

/* Begin XCConfigurationList section */
		B1CB783E23702B3F00D03942 /* Build configuration list for PBXProject "carborn" */ = {
			isa = XCConfigurationList;
			buildConfigurations = (
				B1CB786B23702B4100D03942 /* Debug */,
				B1CB786C23702B4100D03942 /* Release */,
			);
			defaultConfigurationIsVisible = 0;
			defaultConfigurationName = Release;
		};
		B1CB786D23702B4100D03942 /* Build configuration list for PBXNativeTarget "carborn" */ = {
			isa = XCConfigurationList;
			buildConfigurations = (
				B1CB786E23702B4100D03942 /* Debug */,
				B1CB786F23702B4100D03942 /* Release */,
			);
			defaultConfigurationIsVisible = 0;
			defaultConfigurationName = Release;
		};
		B1CB787023702B4100D03942 /* Build configuration list for PBXNativeTarget "carbornTests" */ = {
			isa = XCConfigurationList;
			buildConfigurations = (
				B1CB787123702B4100D03942 /* Debug */,
				B1CB787223702B4100D03942 /* Release */,
			);
			defaultConfigurationIsVisible = 0;
			defaultConfigurationName = Release;
		};
		B1CB787323702B4100D03942 /* Build configuration list for PBXNativeTarget "carbornUITests" */ = {
			isa = XCConfigurationList;
			buildConfigurations = (
				B1CB787423702B4100D03942 /* Debug */,
				B1CB787523702B4100D03942 /* Release */,
			);
			defaultConfigurationIsVisible = 0;
			defaultConfigurationName = Release;
		};
/* End XCConfigurationList section */
	};
	rootObject = B1CB783B23702B3F00D03942 /* Project object */;
}
