// !$*UTF8*$!
{
	archiveVersion = 1;
	classes = {
	};
	objectVersion = 50;
	objects = {

/* Begin PBXBuildFile section */
		6553C83E2110CD87001F9A45 /* Realm.framework in Frameworks */ = {isa = PBXBuildFile; fileRef = 6553C8392110CD87001F9A45 /* Realm.framework */; };
		6553C83F2110CD87001F9A45 /* RealmSwift.framework in Frameworks */ = {isa = PBXBuildFile; fileRef = 6553C83A2110CD87001F9A45 /* RealmSwift.framework */; };
		6553C8402110CD87001F9A45 /* RxCocoa.framework in Frameworks */ = {isa = PBXBuildFile; fileRef = 6553C83B2110CD87001F9A45 /* RxCocoa.framework */; };
		6553C8412110CD87001F9A45 /* RxSwift.framework in Frameworks */ = {isa = PBXBuildFile; fileRef = 6553C83C2110CD87001F9A45 /* RxSwift.framework */; };
		6553C84B2118990C001F9A45 /* Alamofire.framework in Frameworks */ = {isa = PBXBuildFile; fileRef = 6553C8432118990B001F9A45 /* Alamofire.framework */; };
		6553C84D2118990C001F9A45 /* RxBlocking.framework in Frameworks */ = {isa = PBXBuildFile; fileRef = 6553C8452118990B001F9A45 /* RxBlocking.framework */; };
		6553C84E2118990C001F9A45 /* ObjectMapper.framework in Frameworks */ = {isa = PBXBuildFile; fileRef = 6553C8462118990B001F9A45 /* ObjectMapper.framework */; };
		6553C84F2118990C001F9A45 /* Result.framework in Frameworks */ = {isa = PBXBuildFile; fileRef = 6553C8472118990B001F9A45 /* Result.framework */; };
		6553C8502118990C001F9A45 /* ReactiveSwift.framework in Frameworks */ = {isa = PBXBuildFile; fileRef = 6553C8482118990C001F9A45 /* ReactiveSwift.framework */; };
		6553C8512118990C001F9A45 /* Kingfisher.framework in Frameworks */ = {isa = PBXBuildFile; fileRef = 6553C8492118990C001F9A45 /* Kingfisher.framework */; };
		6553C8522118990C001F9A45 /* Moya.framework in Frameworks */ = {isa = PBXBuildFile; fileRef = 6553C84A2118990C001F9A45 /* Moya.framework */; };
		6553C85421189E2F001F9A45 /* CarService.swift in Sources */ = {isa = PBXBuildFile; fileRef = 6553C85321189E2F001F9A45 /* CarService.swift */; };
		65A9457B210E00930007F6B7 /* AppDelegate.swift in Sources */ = {isa = PBXBuildFile; fileRef = 65A9457A210E00930007F6B7 /* AppDelegate.swift */; };
		65A9457D210E00930007F6B7 /* ViewController.swift in Sources */ = {isa = PBXBuildFile; fileRef = 65A9457C210E00930007F6B7 /* ViewController.swift */; };
		65A94580210E00930007F6B7 /* Main.storyboard in Resources */ = {isa = PBXBuildFile; fileRef = 65A9457E210E00930007F6B7 /* Main.storyboard */; };
		65A94582210E00950007F6B7 /* Assets.xcassets in Resources */ = {isa = PBXBuildFile; fileRef = 65A94581210E00950007F6B7 /* Assets.xcassets */; };
		65A94585210E00950007F6B7 /* LaunchScreen.storyboard in Resources */ = {isa = PBXBuildFile; fileRef = 65A94583210E00950007F6B7 /* LaunchScreen.storyboard */; };
/* End PBXBuildFile section */

/* Begin PBXFileReference section */
		6553C8392110CD87001F9A45 /* Realm.framework */ = {isa = PBXFileReference; lastKnownFileType = wrapper.framework; name = Realm.framework; path = Carthage/Build/iOS/Realm.framework; sourceTree = "<group>"; };
		6553C83A2110CD87001F9A45 /* RealmSwift.framework */ = {isa = PBXFileReference; lastKnownFileType = wrapper.framework; name = RealmSwift.framework; path = Carthage/Build/iOS/RealmSwift.framework; sourceTree = "<group>"; };
		6553C83B2110CD87001F9A45 /* RxCocoa.framework */ = {isa = PBXFileReference; lastKnownFileType = wrapper.framework; name = RxCocoa.framework; path = Carthage/Build/iOS/RxCocoa.framework; sourceTree = "<group>"; };
		6553C83C2110CD87001F9A45 /* RxSwift.framework */ = {isa = PBXFileReference; lastKnownFileType = wrapper.framework; name = RxSwift.framework; path = Carthage/Build/iOS/RxSwift.framework; sourceTree = "<group>"; };
		6553C8432118990B001F9A45 /* Alamofire.framework */ = {isa = PBXFileReference; lastKnownFileType = wrapper.framework; name = Alamofire.framework; path = Carthage/Build/iOS/Alamofire.framework; sourceTree = "<group>"; };
		6553C8452118990B001F9A45 /* RxBlocking.framework */ = {isa = PBXFileReference; lastKnownFileType = wrapper.framework; name = RxBlocking.framework; path = Carthage/Build/iOS/RxBlocking.framework; sourceTree = "<group>"; };
		6553C8462118990B001F9A45 /* ObjectMapper.framework */ = {isa = PBXFileReference; lastKnownFileType = wrapper.framework; name = ObjectMapper.framework; path = Carthage/Build/iOS/ObjectMapper.framework; sourceTree = "<group>"; };
		6553C8472118990B001F9A45 /* Result.framework */ = {isa = PBXFileReference; lastKnownFileType = wrapper.framework; name = Result.framework; path = Carthage/Build/iOS/Result.framework; sourceTree = "<group>"; };
		6553C8482118990C001F9A45 /* ReactiveSwift.framework */ = {isa = PBXFileReference; lastKnownFileType = wrapper.framework; name = ReactiveSwift.framework; path = Carthage/Build/iOS/ReactiveSwift.framework; sourceTree = "<group>"; };
		6553C8492118990C001F9A45 /* Kingfisher.framework */ = {isa = PBXFileReference; lastKnownFileType = wrapper.framework; name = Kingfisher.framework; path = Carthage/Build/iOS/Kingfisher.framework; sourceTree = "<group>"; };
		6553C84A2118990C001F9A45 /* Moya.framework */ = {isa = PBXFileReference; lastKnownFileType = wrapper.framework; name = Moya.framework; path = Carthage/Build/iOS/Moya.framework; sourceTree = "<group>"; };
		6553C85321189E2F001F9A45 /* CarService.swift */ = {isa = PBXFileReference; lastKnownFileType = sourcecode.swift; path = CarService.swift; sourceTree = "<group>"; };
		65A94577210E00930007F6B7 /* carborn.app */ = {isa = PBXFileReference; explicitFileType = wrapper.application; includeInIndex = 0; path = carborn.app; sourceTree = BUILT_PRODUCTS_DIR; };
		65A9457A210E00930007F6B7 /* AppDelegate.swift */ = {isa = PBXFileReference; lastKnownFileType = sourcecode.swift; path = AppDelegate.swift; sourceTree = "<group>"; };
		65A9457C210E00930007F6B7 /* ViewController.swift */ = {isa = PBXFileReference; lastKnownFileType = sourcecode.swift; path = ViewController.swift; sourceTree = "<group>"; };
		65A9457F210E00930007F6B7 /* Base */ = {isa = PBXFileReference; lastKnownFileType = file.storyboard; name = Base; path = Base.lproj/Main.storyboard; sourceTree = "<group>"; };
		65A94581210E00950007F6B7 /* Assets.xcassets */ = {isa = PBXFileReference; lastKnownFileType = folder.assetcatalog; path = Assets.xcassets; sourceTree = "<group>"; };
		65A94584210E00950007F6B7 /* Base */ = {isa = PBXFileReference; lastKnownFileType = file.storyboard; name = Base; path = Base.lproj/LaunchScreen.storyboard; sourceTree = "<group>"; };
		65A94586210E00950007F6B7 /* Info.plist */ = {isa = PBXFileReference; lastKnownFileType = text.plist.xml; path = Info.plist; sourceTree = "<group>"; };
/* End PBXFileReference section */

/* Begin PBXFrameworksBuildPhase section */
		65A94574210E00930007F6B7 /* Frameworks */ = {
			isa = PBXFrameworksBuildPhase;
			buildActionMask = 2147483647;
			files = (
				6553C84B2118990C001F9A45 /* Alamofire.framework in Frameworks */,
				6553C84D2118990C001F9A45 /* RxBlocking.framework in Frameworks */,
				6553C84E2118990C001F9A45 /* ObjectMapper.framework in Frameworks */,
				6553C84F2118990C001F9A45 /* Result.framework in Frameworks */,
				6553C8502118990C001F9A45 /* ReactiveSwift.framework in Frameworks */,
				6553C8512118990C001F9A45 /* Kingfisher.framework in Frameworks */,
				6553C8522118990C001F9A45 /* Moya.framework in Frameworks */,
				6553C83E2110CD87001F9A45 /* Realm.framework in Frameworks */,
				6553C83F2110CD87001F9A45 /* RealmSwift.framework in Frameworks */,
				6553C8402110CD87001F9A45 /* RxCocoa.framework in Frameworks */,
				6553C8412110CD87001F9A45 /* RxSwift.framework in Frameworks */,
			);
			runOnlyForDeploymentPostprocessing = 0;
		};
/* End PBXFrameworksBuildPhase section */

/* Begin PBXGroup section */
		6553C7EE2110CD4D001F9A45 /* Frameworks */ = {
			isa = PBXGroup;
			children = (
				6553C8432118990B001F9A45 /* Alamofire.framework */,
				6553C8492118990C001F9A45 /* Kingfisher.framework */,
				6553C84A2118990C001F9A45 /* Moya.framework */,
				6553C8462118990B001F9A45 /* ObjectMapper.framework */,
				6553C8482118990C001F9A45 /* ReactiveSwift.framework */,
				6553C8472118990B001F9A45 /* Result.framework */,
				6553C8452118990B001F9A45 /* RxBlocking.framework */,
				6553C8392110CD87001F9A45 /* Realm.framework */,
				6553C83A2110CD87001F9A45 /* RealmSwift.framework */,
				6553C83B2110CD87001F9A45 /* RxCocoa.framework */,
				6553C83C2110CD87001F9A45 /* RxSwift.framework */,
			);
			name = Frameworks;
			sourceTree = "<group>";
		};
		65A9456E210E00930007F6B7 = {
			isa = PBXGroup;
			children = (
				65A94579210E00930007F6B7 /* carborn */,
				65A94578210E00930007F6B7 /* Products */,
				6553C7EE2110CD4D001F9A45 /* Frameworks */,
			);
			sourceTree = "<group>";
		};
		65A94578210E00930007F6B7 /* Products */ = {
			isa = PBXGroup;
			children = (
				65A94577210E00930007F6B7 /* carborn.app */,
			);
			name = Products;
			sourceTree = "<group>";
		};
		65A94579210E00930007F6B7 /* carborn */ = {
			isa = PBXGroup;
			children = (
				65A9457A210E00930007F6B7 /* AppDelegate.swift */,
				65A9457C210E00930007F6B7 /* ViewController.swift */,
				65A9457E210E00930007F6B7 /* Main.storyboard */,
				65A94581210E00950007F6B7 /* Assets.xcassets */,
				65A94583210E00950007F6B7 /* LaunchScreen.storyboard */,
				65A94586210E00950007F6B7 /* Info.plist */,
				6553C85321189E2F001F9A45 /* CarService.swift */,
			);
			path = carborn;
			sourceTree = "<group>";
		};
/* End PBXGroup section */

/* Begin PBXNativeTarget section */
		65A94576210E00930007F6B7 /* carborn */ = {
			isa = PBXNativeTarget;
			buildConfigurationList = 65A94589210E00950007F6B7 /* Build configuration list for PBXNativeTarget "carborn" */;
			buildPhases = (
				65A94573210E00930007F6B7 /* Sources */,
				65A94574210E00930007F6B7 /* Frameworks */,
				65A94575210E00930007F6B7 /* Resources */,
				6553C7EC2110CA81001F9A45 /* ShellScript */,
			);
			buildRules = (
			);
			dependencies = (
			);
			name = carborn;
			productName = carborn;
			productReference = 65A94577210E00930007F6B7 /* carborn.app */;
			productType = "com.apple.product-type.application";
		};
/* End PBXNativeTarget section */

/* Begin PBXProject section */
		65A9456F210E00930007F6B7 /* Project object */ = {
			isa = PBXProject;
			attributes = {
				LastSwiftUpdateCheck = 0940;
				LastUpgradeCheck = 0940;
				ORGANIZATIONNAME = slowslipper;
				TargetAttributes = {
					65A94576210E00930007F6B7 = {
						CreatedOnToolsVersion = 9.4.1;
					};
				};
			};
			buildConfigurationList = 65A94572210E00930007F6B7 /* Build configuration list for PBXProject "carborn" */;
			compatibilityVersion = "Xcode 9.3";
			developmentRegion = en;
			hasScannedForEncodings = 0;
			knownRegions = (
				en,
				Base,
			);
			mainGroup = 65A9456E210E00930007F6B7;
			productRefGroup = 65A94578210E00930007F6B7 /* Products */;
			projectDirPath = "";
			projectRoot = "";
			targets = (
				65A94576210E00930007F6B7 /* carborn */,
			);
		};
/* End PBXProject section */

/* Begin PBXResourcesBuildPhase section */
		65A94575210E00930007F6B7 /* Resources */ = {
			isa = PBXResourcesBuildPhase;
			buildActionMask = 2147483647;
			files = (
				65A94585210E00950007F6B7 /* LaunchScreen.storyboard in Resources */,
				65A94582210E00950007F6B7 /* Assets.xcassets in Resources */,
				65A94580210E00930007F6B7 /* Main.storyboard in Resources */,
			);
			runOnlyForDeploymentPostprocessing = 0;
		};
/* End PBXResourcesBuildPhase section */

/* Begin PBXShellScriptBuildPhase section */
		6553C7EC2110CA81001F9A45 /* ShellScript */ = {
			isa = PBXShellScriptBuildPhase;
			buildActionMask = 2147483647;
			files = (
			);
			inputPaths = (
				"$(SRCROOT)/Carthage/Build/iOS/Alamofire.framework",
				"$(SRCROOT)/Carthage/Build/iOS/Kingfisher.framework",
				"$(SRCROOT)/Carthage/Build/iOS/Moya.framework",
				"$(SRCROOT)/Carthage/Build/iOS/ObjectMapper.framework",
				"$(SRCROOT)/Carthage/Build/iOS/ReactiveSwift.framework",
				"$(SRCROOT)/Carthage/Build/iOS/Result.framework",
				"$(SRCROOT)/Carthage/Build/iOS/RxBlocking.framework",
				"$(SRCROOT)/Carthage/Build/iOS/Realm.framework",
				"$(SRCROOT)/Carthage/Build/iOS/RealmSwift.framework",
				"$(SRCROOT)/Carthage/Build/iOS/RxCocoa.framework",
				"$(SRCROOT)/Carthage/Build/iOS/RxSwift.framework",
			);
			outputPaths = (
			);
			runOnlyForDeploymentPostprocessing = 0;
			shellPath = /bin/sh;
			shellScript = "/usr/local/bin/carthage copy-frameworks";
		};
/* End PBXShellScriptBuildPhase section */

/* Begin PBXSourcesBuildPhase section */
		65A94573210E00930007F6B7 /* Sources */ = {
			isa = PBXSourcesBuildPhase;
			buildActionMask = 2147483647;
			files = (
				6553C85421189E2F001F9A45 /* CarService.swift in Sources */,
				65A9457D210E00930007F6B7 /* ViewController.swift in Sources */,
				65A9457B210E00930007F6B7 /* AppDelegate.swift in Sources */,
			);
			runOnlyForDeploymentPostprocessing = 0;
		};
/* End PBXSourcesBuildPhase section */

/* Begin PBXVariantGroup section */
		65A9457E210E00930007F6B7 /* Main.storyboard */ = {
			isa = PBXVariantGroup;
			children = (
				65A9457F210E00930007F6B7 /* Base */,
			);
			name = Main.storyboard;
			sourceTree = "<group>";
		};
		65A94583210E00950007F6B7 /* LaunchScreen.storyboard */ = {
			isa = PBXVariantGroup;
			children = (
				65A94584210E00950007F6B7 /* Base */,
			);
			name = LaunchScreen.storyboard;
			sourceTree = "<group>";
		};
/* End PBXVariantGroup section */

/* Begin XCBuildConfiguration section */
		65A94587210E00950007F6B7 /* Debug */ = {
			isa = XCBuildConfiguration;
			buildSettings = {
				ALWAYS_SEARCH_USER_PATHS = NO;
				CLANG_ANALYZER_NONNULL = YES;
				CLANG_ANALYZER_NUMBER_OBJECT_CONVERSION = YES_AGGRESSIVE;
				CLANG_CXX_LANGUAGE_STANDARD = "gnu++14";
				CLANG_CXX_LIBRARY = "libc++";
				CLANG_ENABLE_MODULES = YES;
				CLANG_ENABLE_OBJC_ARC = YES;
				CLANG_ENABLE_OBJC_WEAK = YES;
				CLANG_WARN_BLOCK_CAPTURE_AUTORELEASING = YES;
				CLANG_WARN_BOOL_CONVERSION = YES;
				CLANG_WARN_COMMA = YES;
				CLANG_WARN_CONSTANT_CONVERSION = YES;
				CLANG_WARN_DEPRECATED_OBJC_IMPLEMENTATIONS = YES;
				CLANG_WARN_DIRECT_OBJC_ISA_USAGE = YES_ERROR;
				CLANG_WARN_DOCUMENTATION_COMMENTS = YES;
				CLANG_WARN_EMPTY_BODY = YES;
				CLANG_WARN_ENUM_CONVERSION = YES;
				CLANG_WARN_INFINITE_RECURSION = YES;
				CLANG_WARN_INT_CONVERSION = YES;
				CLANG_WARN_NON_LITERAL_NULL_CONVERSION = YES;
				CLANG_WARN_OBJC_IMPLICIT_RETAIN_SELF = YES;
				CLANG_WARN_OBJC_LITERAL_CONVERSION = YES;
				CLANG_WARN_OBJC_ROOT_CLASS = YES_ERROR;
				CLANG_WARN_RANGE_LOOP_ANALYSIS = YES;
				CLANG_WARN_STRICT_PROTOTYPES = YES;
				CLANG_WARN_SUSPICIOUS_MOVE = YES;
				CLANG_WARN_UNGUARDED_AVAILABILITY = YES_AGGRESSIVE;
				CLANG_WARN_UNREACHABLE_CODE = YES;
				CLANG_WARN__DUPLICATE_METHOD_MATCH = YES;
				CODE_SIGN_IDENTITY = "iPhone Developer";
				COPY_PHASE_STRIP = NO;
				DEBUG_INFORMATION_FORMAT = dwarf;
				ENABLE_STRICT_OBJC_MSGSEND = YES;
				ENABLE_TESTABILITY = YES;
				GCC_C_LANGUAGE_STANDARD = gnu11;
				GCC_DYNAMIC_NO_PIC = NO;
				GCC_NO_COMMON_BLOCKS = YES;
				GCC_OPTIMIZATION_LEVEL = 0;
				GCC_PREPROCESSOR_DEFINITIONS = (
					"DEBUG=1",
					"$(inherited)",
				);
				GCC_WARN_64_TO_32_BIT_CONVERSION = YES;
				GCC_WARN_ABOUT_RETURN_TYPE = YES_ERROR;
				GCC_WARN_UNDECLARED_SELECTOR = YES;
				GCC_WARN_UNINITIALIZED_AUTOS = YES_AGGRESSIVE;
				GCC_WARN_UNUSED_FUNCTION = YES;
				GCC_WARN_UNUSED_VARIABLE = YES;
				IPHONEOS_DEPLOYMENT_TARGET = 11.4;
				MTL_ENABLE_DEBUG_INFO = YES;
				ONLY_ACTIVE_ARCH = YES;
				SDKROOT = iphoneos;
				SWIFT_ACTIVE_COMPILATION_CONDITIONS = DEBUG;
				SWIFT_OPTIMIZATION_LEVEL = "-Onone";
			};
			name = Debug;
		};
		65A94588210E00950007F6B7 /* Release */ = {
			isa = XCBuildConfiguration;
			buildSettings = {
				ALWAYS_SEARCH_USER_PATHS = NO;
				CLANG_ANALYZER_NONNULL = YES;
				CLANG_ANALYZER_NUMBER_OBJECT_CONVERSION = YES_AGGRESSIVE;
				CLANG_CXX_LANGUAGE_STANDARD = "gnu++14";
				CLANG_CXX_LIBRARY = "libc++";
				CLANG_ENABLE_MODULES = YES;
				CLANG_ENABLE_OBJC_ARC = YES;
				CLANG_ENABLE_OBJC_WEAK = YES;
				CLANG_WARN_BLOCK_CAPTURE_AUTORELEASING = YES;
				CLANG_WARN_BOOL_CONVERSION = YES;
				CLANG_WARN_COMMA = YES;
				CLANG_WARN_CONSTANT_CONVERSION = YES;
				CLANG_WARN_DEPRECATED_OBJC_IMPLEMENTATIONS = YES;
				CLANG_WARN_DIRECT_OBJC_ISA_USAGE = YES_ERROR;
				CLANG_WARN_DOCUMENTATION_COMMENTS = YES;
				CLANG_WARN_EMPTY_BODY = YES;
				CLANG_WARN_ENUM_CONVERSION = YES;
				CLANG_WARN_INFINITE_RECURSION = YES;
				CLANG_WARN_INT_CONVERSION = YES;
				CLANG_WARN_NON_LITERAL_NULL_CONVERSION = YES;
				CLANG_WARN_OBJC_IMPLICIT_RETAIN_SELF = YES;
				CLANG_WARN_OBJC_LITERAL_CONVERSION = YES;
				CLANG_WARN_OBJC_ROOT_CLASS = YES_ERROR;
				CLANG_WARN_RANGE_LOOP_ANALYSIS = YES;
				CLANG_WARN_STRICT_PROTOTYPES = YES;
				CLANG_WARN_SUSPICIOUS_MOVE = YES;
				CLANG_WARN_UNGUARDED_AVAILABILITY = YES_AGGRESSIVE;
				CLANG_WARN_UNREACHABLE_CODE = YES;
				CLANG_WARN__DUPLICATE_METHOD_MATCH = YES;
				CODE_SIGN_IDENTITY = "iPhone Developer";
				COPY_PHASE_STRIP = NO;
				DEBUG_INFORMATION_FORMAT = "dwarf-with-dsym";
				ENABLE_NS_ASSERTIONS = NO;
				ENABLE_STRICT_OBJC_MSGSEND = YES;
				GCC_C_LANGUAGE_STANDARD = gnu11;
				GCC_NO_COMMON_BLOCKS = YES;
				GCC_WARN_64_TO_32_BIT_CONVERSION = YES;
				GCC_WARN_ABOUT_RETURN_TYPE = YES_ERROR;
				GCC_WARN_UNDECLARED_SELECTOR = YES;
				GCC_WARN_UNINITIALIZED_AUTOS = YES_AGGRESSIVE;
				GCC_WARN_UNUSED_FUNCTION = YES;
				GCC_WARN_UNUSED_VARIABLE = YES;
				IPHONEOS_DEPLOYMENT_TARGET = 11.4;
				MTL_ENABLE_DEBUG_INFO = NO;
				SDKROOT = iphoneos;
				SWIFT_COMPILATION_MODE = wholemodule;
				SWIFT_OPTIMIZATION_LEVEL = "-O";
				VALIDATE_PRODUCT = YES;
			};
			name = Release;
		};
		65A9458A210E00950007F6B7 /* Debug */ = {
			isa = XCBuildConfiguration;
			buildSettings = {
				ASSETCATALOG_COMPILER_APPICON_NAME = AppIcon;
				CODE_SIGN_STYLE = Automatic;
				DEVELOPMENT_TEAM = DJJ7L7SWLK;
				FRAMEWORK_SEARCH_PATHS = (
					"$(inherited)",
					"$(PROJECT_DIR)/Carthage/Build/iOS",
				);
				INFOPLIST_FILE = carborn/Info.plist;
				LD_RUNPATH_SEARCH_PATHS = (
					"$(inherited)",
					"@executable_path/Frameworks",
				);
				PRODUCT_BUNDLE_IDENTIFIER = com.slowslipper.carborn;
				PRODUCT_NAME = "$(TARGET_NAME)";
				SWIFT_VERSION = 4.0;
				TARGETED_DEVICE_FAMILY = "1,2";
			};
			name = Debug;
		};
		65A9458B210E00950007F6B7 /* Release */ = {
			isa = XCBuildConfiguration;
			buildSettings = {
				ASSETCATALOG_COMPILER_APPICON_NAME = AppIcon;
				CODE_SIGN_STYLE = Automatic;
				DEVELOPMENT_TEAM = DJJ7L7SWLK;
				FRAMEWORK_SEARCH_PATHS = (
					"$(inherited)",
					"$(PROJECT_DIR)/Carthage/Build/iOS",
				);
				INFOPLIST_FILE = carborn/Info.plist;
				LD_RUNPATH_SEARCH_PATHS = (
					"$(inherited)",
					"@executable_path/Frameworks",
				);
				PRODUCT_BUNDLE_IDENTIFIER = com.slowslipper.carborn;
				PRODUCT_NAME = "$(TARGET_NAME)";
				SWIFT_VERSION = 4.0;
				TARGETED_DEVICE_FAMILY = "1,2";
			};
			name = Release;
		};
/* End XCBuildConfiguration section */

/* Begin XCConfigurationList section */
		65A94572210E00930007F6B7 /* Build configuration list for PBXProject "carborn" */ = {
			isa = XCConfigurationList;
			buildConfigurations = (
				65A94587210E00950007F6B7 /* Debug */,
				65A94588210E00950007F6B7 /* Release */,
			);
			defaultConfigurationIsVisible = 0;
			defaultConfigurationName = Release;
		};
		65A94589210E00950007F6B7 /* Build configuration list for PBXNativeTarget "carborn" */ = {
			isa = XCConfigurationList;
			buildConfigurations = (
				65A9458A210E00950007F6B7 /* Debug */,
				65A9458B210E00950007F6B7 /* Release */,
			);
			defaultConfigurationIsVisible = 0;
			defaultConfigurationName = Release;
		};
/* End XCConfigurationList section */
	};
	rootObject = 65A9456F210E00930007F6B7 /* Project object */;
}
